
Microsoft Visual Studio Solution File, Format Version 12.00
# Visual Studio Version 17
VisualStudioVersion = 17.2.32630.192
MinimumVisualStudioVersion = 10.0.40219.1
Project("{FAE04EC0-301F-11D3-BF4B-00C04F79EFBC}") = "TpHalloMod", "TpHalloMod\TpHalloMod.csproj", "{59CCAC7A-3848-41BD-9023-F549A664419C}"
EndProject
Project("{FAE04EC0-301F-11D3-BF4B-00C04F79EFBC}") = "TpDiligencePeaple", "TpDiligencePeaple\TpDiligencePeaple.csproj", "{F204C96D-8CA6-4D80-AD6F-A13A621E18F5}"
EndProject
Project("{FAE04EC0-301F-11D3-BF4B-00C04F79EFBC}") = "TpRemoveUnhealthyHobby", "TpRemoveUnhealthyHobby\TpRemoveUnhealthyHobby.csproj", "{0E82C89E-2E91-42A4-8367-E1AE379736B5}"
EndProject
Project("{FAE04EC0-301F-11D3-BF4B-00C04F79EFBC}") = "TpHugeShippingContainer", "TpHugeShippingContainer\TpHugeShippingContainer.csproj", "{2505045D-7D22-4E72-92C6-078FB94981AD}"
EndProject
Project("{FAE04EC0-301F-11D3-BF4B-00C04F79EFBC}") = "TpHugeTrashContainer", "TpHugeTrashContainer\TpHugeTrashContainer.csproj", "{0CBA332E-DEAA-4380-B08F-BE65DF9211DC}"
EndProject
Project("{FAE04EC0-301F-11D3-BF4B-00C04F79EFBC}") = "TpHugeSturdyBox", "TpHugeSturdyBox\TpHugeSturdyBox.csproj", "{E94DA8FC-8DC4-4D64-AB8D-7C9D6E434018}"
EndProject
Project("{FAE04EC0-301F-11D3-BF4B-00C04F79EFBC}") = "TpHugeFridge", "TpHugeFridge\TpHugeFridge.csproj", "{7EA0B0FD-CE7B-44D9-A48B-D4AB805A1FE4}"
EndProject
Project("{FAE04EC0-301F-11D3-BF4B-00C04F79EFBC}") = "TpRemoveFireAndColdSpellbook", "TpRemoveFireAndColdSpellbook\TpRemoveFireAndColdSpellbook.csproj", "{8F5B2AD3-A38A-40EB-B866-8666076FE070}"
EndProject
Project("{FAE04EC0-301F-11D3-BF4B-00C04F79EFBC}") = "TpStackableSpellbook", "TpStackableSpellbook\TpStackableSpellbook.csproj", "{18C2DD19-BFFF-4C2E-B565-346B60D44C19}"
EndProject
Project("{FAE04EC0-301F-11D3-BF4B-00C04F79EFBC}") = "TpStackableTool", "TpStackableTool\TpStackableTool.csproj", "{D686E069-BE27-4AE5-9967-BC10C23B04B6}"
EndProject
Project("{FAE04EC0-301F-11D3-BF4B-00C04F79EFBC}") = "TpSleepRecipeX10", "TpSleepRecipeX10\TpSleepRecipeX10.csproj", "{FEBAF082-44B4-4F2F-86FF-6346BD8E104E}"
EndProject
Global
	GlobalSection(SolutionConfigurationPlatforms) = preSolution
		Debug|Any CPU = Debug|Any CPU
		Release|Any CPU = Release|Any CPU
	EndGlobalSection
	GlobalSection(ProjectConfigurationPlatforms) = postSolution
		{59CCAC7A-3848-41BD-9023-F549A664419C}.Debug|Any CPU.ActiveCfg = Debug|Any CPU
		{59CCAC7A-3848-41BD-9023-F549A664419C}.Debug|Any CPU.Build.0 = Debug|Any CPU
		{59CCAC7A-3848-41BD-9023-F549A664419C}.Release|Any CPU.ActiveCfg = Release|Any CPU
		{59CCAC7A-3848-41BD-9023-F549A664419C}.Release|Any CPU.Build.0 = Release|Any CPU
		{F204C96D-8CA6-4D80-AD6F-A13A621E18F5}.Debug|Any CPU.ActiveCfg = Debug|Any CPU
		{F204C96D-8CA6-4D80-AD6F-A13A621E18F5}.Debug|Any CPU.Build.0 = Debug|Any CPU
		{F204C96D-8CA6-4D80-AD6F-A13A621E18F5}.Release|Any CPU.ActiveCfg = Release|Any CPU
		{F204C96D-8CA6-4D80-AD6F-A13A621E18F5}.Release|Any CPU.Build.0 = Release|Any CPU
		{0E82C89E-2E91-42A4-8367-E1AE379736B5}.Debug|Any CPU.ActiveCfg = Debug|Any CPU
		{0E82C89E-2E91-42A4-8367-E1AE379736B5}.Debug|Any CPU.Build.0 = Debug|Any CPU
		{0E82C89E-2E91-42A4-8367-E1AE379736B5}.Release|Any CPU.ActiveCfg = Release|Any CPU
		{0E82C89E-2E91-42A4-8367-E1AE379736B5}.Release|Any CPU.Build.0 = Release|Any CPU
		{2505045D-7D22-4E72-92C6-078FB94981AD}.Debug|Any CPU.ActiveCfg = Debug|Any CPU
		{2505045D-7D22-4E72-92C6-078FB94981AD}.Debug|Any CPU.Build.0 = Debug|Any CPU
		{2505045D-7D22-4E72-92C6-078FB94981AD}.Release|Any CPU.ActiveCfg = Release|Any CPU
		{2505045D-7D22-4E72-92C6-078FB94981AD}.Release|Any CPU.Build.0 = Release|Any CPU
		{0CBA332E-DEAA-4380-B08F-BE65DF9211DC}.Debug|Any CPU.ActiveCfg = Debug|Any CPU
		{0CBA332E-DEAA-4380-B08F-BE65DF9211DC}.Debug|Any CPU.Build.0 = Debug|Any CPU
		{0CBA332E-DEAA-4380-B08F-BE65DF9211DC}.Release|Any CPU.ActiveCfg = Release|Any CPU
		{0CBA332E-DEAA-4380-B08F-BE65DF9211DC}.Release|Any CPU.Build.0 = Release|Any CPU
		{E94DA8FC-8DC4-4D64-AB8D-7C9D6E434018}.Debug|Any CPU.ActiveCfg = Debug|Any CPU
		{E94DA8FC-8DC4-4D64-AB8D-7C9D6E434018}.Debug|Any CPU.Build.0 = Debug|Any CPU
		{E94DA8FC-8DC4-4D64-AB8D-7C9D6E434018}.Release|Any CPU.ActiveCfg = Release|Any CPU
		{E94DA8FC-8DC4-4D64-AB8D-7C9D6E434018}.Release|Any CPU.Build.0 = Release|Any CPU
		{7EA0B0FD-CE7B-44D9-A48B-D4AB805A1FE4}.Debug|Any CPU.ActiveCfg = Debug|Any CPU
		{7EA0B0FD-CE7B-44D9-A48B-D4AB805A1FE4}.Debug|Any CPU.Build.0 = Debug|Any CPU
		{7EA0B0FD-CE7B-44D9-A48B-D4AB805A1FE4}.Release|Any CPU.ActiveCfg = Release|Any CPU
		{7EA0B0FD-CE7B-44D9-A48B-D4AB805A1FE4}.Release|Any CPU.Build.0 = Release|Any CPU
		{8F5B2AD3-A38A-40EB-B866-8666076FE070}.Debug|Any CPU.ActiveCfg = Debug|Any CPU
		{8F5B2AD3-A38A-40EB-B866-8666076FE070}.Debug|Any CPU.Build.0 = Debug|Any CPU
		{8F5B2AD3-A38A-40EB-B866-8666076FE070}.Release|Any CPU.ActiveCfg = Release|Any CPU
		{8F5B2AD3-A38A-40EB-B866-8666076FE070}.Release|Any CPU.Build.0 = Release|Any CPU
		{18C2DD19-BFFF-4C2E-B565-346B60D44C19}.Debug|Any CPU.ActiveCfg = Debug|Any CPU
		{18C2DD19-BFFF-4C2E-B565-346B60D44C19}.Debug|Any CPU.Build.0 = Debug|Any CPU
		{18C2DD19-BFFF-4C2E-B565-346B60D44C19}.Release|Any CPU.ActiveCfg = Release|Any CPU
		{18C2DD19-BFFF-4C2E-B565-346B60D44C19}.Release|Any CPU.Build.0 = Release|Any CPU
		{D686E069-BE27-4AE5-9967-BC10C23B04B6}.Debug|Any CPU.ActiveCfg = Debug|Any CPU
		{D686E069-BE27-4AE5-9967-BC10C23B04B6}.Debug|Any CPU.Build.0 = Debug|Any CPU
		{D686E069-BE27-4AE5-9967-BC10C23B04B6}.Release|Any CPU.ActiveCfg = Release|Any CPU
		{D686E069-BE27-4AE5-9967-BC10C23B04B6}.Release|Any CPU.Build.0 = Release|Any CPU
		{FEBAF082-44B4-4F2F-86FF-6346BD8E104E}.Debug|Any CPU.ActiveCfg = Debug|Any CPU
		{FEBAF082-44B4-4F2F-86FF-6346BD8E104E}.Debug|Any CPU.Build.0 = Debug|Any CPU
		{FEBAF082-44B4-4F2F-86FF-6346BD8E104E}.Release|Any CPU.ActiveCfg = Release|Any CPU
		{FEBAF082-44B4-4F2F-86FF-6346BD8E104E}.Release|Any CPU.Build.0 = Release|Any CPU
	EndGlobalSection
	GlobalSection(SolutionProperties) = preSolution
		HideSolutionNode = FALSE
	EndGlobalSection
	GlobalSection(ExtensibilityGlobals) = postSolution
		SolutionGuid = {1EE56D85-E164-4074-959C-1C635DFAF5A3}
	EndGlobalSection
EndGlobal
